
Microsoft Visual Studio Solution File, Format Version 12.00
# Visual Studio Version 17
VisualStudioVersion = 17.3.32929.385
MinimumVisualStudioVersion = 10.0.40219.1
Project("{FAE04EC0-301F-11D3-BF4B-00C04F79EFBC}") = "NotificationsDemo2.Android", "NotificationsDemo2\NotificationsDemo2.Android\NotificationsDemo2.Android.csproj", "{0A523CDA-0F93-469B-91E5-7D145DFB88F2}"
EndProject
Project("{FAE04EC0-301F-11D3-BF4B-00C04F79EFBC}") = "NotificationsDemo2.iOS", "NotificationsDemo2\NotificationsDemo2.iOS\NotificationsDemo2.iOS.csproj", "{0C75A07B-C68F-49A8-A322-ABC456AA4C7E}"
EndProject
Project("{FAE04EC0-301F-11D3-BF4B-00C04F79EFBC}") = "NotificationsDemo2", "NotificationsDemo2\NotificationsDemo2\NotificationsDemo2.csproj", "{B5180727-BC9D-42C8-83DC-02A20384ED97}"
EndProject
Global
	GlobalSection(SolutionConfigurationPlatforms) = preSolution
		Debug|Any CPU = Debug|Any CPU
		Debug|iPhone = Debug|iPhone
		Debug|iPhoneSimulator = Debug|iPhoneSimulator
		Release|Any CPU = Release|Any CPU
		Release|iPhone = Release|iPhone
		Release|iPhoneSimulator = Release|iPhoneSimulator
	EndGlobalSection
	GlobalSection(ProjectConfigurationPlatforms) = postSolution
		{0A523CDA-0F93-469B-91E5-7D145DFB88F2}.Debug|Any CPU.ActiveCfg = Debug|Any CPU
		{0A523CDA-0F93-469B-91E5-7D145DFB88F2}.Debug|Any CPU.Build.0 = Debug|Any CPU
		{0A523CDA-0F93-469B-91E5-7D145DFB88F2}.Debug|Any CPU.Deploy.0 = Debug|Any CPU
		{0A523CDA-0F93-469B-91E5-7D145DFB88F2}.Debug|iPhone.ActiveCfg = Debug|Any CPU
		{0A523CDA-0F93-469B-91E5-7D145DFB88F2}.Debug|iPhone.Build.0 = Debug|Any CPU
		{0A523CDA-0F93-469B-91E5-7D145DFB88F2}.Debug|iPhone.Deploy.0 = Debug|Any CPU
		{0A523CDA-0F93-469B-91E5-7D145DFB88F2}.Debug|iPhoneSimulator.ActiveCfg = Debug|Any CPU
		{0A523CDA-0F93-469B-91E5-7D145DFB88F2}.Debug|iPhoneSimulator.Build.0 = Debug|Any CPU
		{0A523CDA-0F93-469B-91E5-7D145DFB88F2}.Debug|iPhoneSimulator.Deploy.0 = Debug|Any CPU
		{0A523CDA-0F93-469B-91E5-7D145DFB88F2}.Release|Any CPU.ActiveCfg = Release|Any CPU
		{0A523CDA-0F93-469B-91E5-7D145DFB88F2}.Release|Any CPU.Build.0 = Release|Any CPU
		{0A523CDA-0F93-469B-91E5-7D145DFB88F2}.Release|Any CPU.Deploy.0 = Release|Any CPU
		{0A523CDA-0F93-469B-91E5-7D145DFB88F2}.Release|iPhone.ActiveCfg = Release|Any CPU
		{0A523CDA-0F93-469B-91E5-7D145DFB88F2}.Release|iPhone.Build.0 = Release|Any CPU
		{0A523CDA-0F93-469B-91E5-7D145DFB88F2}.Release|iPhone.Deploy.0 = Release|Any CPU
		{0A523CDA-0F93-469B-91E5-7D145DFB88F2}.Release|iPhoneSimulator.ActiveCfg = Release|Any CPU
		{0A523CDA-0F93-469B-91E5-7D145DFB88F2}.Release|iPhoneSimulator.Build.0 = Release|Any CPU
		{0A523CDA-0F93-469B-91E5-7D145DFB88F2}.Release|iPhoneSimulator.Deploy.0 = Release|Any CPU
		{0C75A07B-C68F-49A8-A322-ABC456AA4C7E}.Debug|Any CPU.ActiveCfg = Debug|iPhone
		{0C75A07B-C68F-49A8-A322-ABC456AA4C7E}.Debug|Any CPU.Build.0 = Debug|iPhone
		{0C75A07B-C68F-49A8-A322-ABC456AA4C7E}.Debug|Any CPU.Deploy.0 = Debug|iPhone
		{0C75A07B-C68F-49A8-A322-ABC456AA4C7E}.Debug|iPhone.ActiveCfg = Debug|iPhone
		{0C75A07B-C68F-49A8-A322-ABC456AA4C7E}.Debug|iPhone.Build.0 = Debug|iPhone
		{0C75A07B-C68F-49A8-A322-ABC456AA4C7E}.Debug|iPhone.Deploy.0 = Debug|iPhone
		{0C75A07B-C68F-49A8-A322-ABC456AA4C7E}.Debug|iPhoneSimulator.ActiveCfg = Debug|iPhoneSimulator
		{0C75A07B-C68F-49A8-A322-ABC456AA4C7E}.Debug|iPhoneSimulator.Build.0 = Debug|iPhoneSimulator
		{0C75A07B-C68F-49A8-A322-ABC456AA4C7E}.Debug|iPhoneSimulator.Deploy.0 = Debug|iPhoneSimulator
		{0C75A07B-C68F-49A8-A322-ABC456AA4C7E}.Release|Any CPU.ActiveCfg = Release|iPhoneSimulator
		{0C75A07B-C68F-49A8-A322-ABC456AA4C7E}.Release|Any CPU.Build.0 = Release|iPhoneSimulator
		{0C75A07B-C68F-49A8-A322-ABC456AA4C7E}.Release|Any CPU.Deploy.0 = Release|iPhoneSimulator
		{0C75A07B-C68F-49A8-A322-ABC456AA4C7E}.Release|iPhone.ActiveCfg = Release|iPhone
		{0C75A07B-C68F-49A8-A322-ABC456AA4C7E}.Release|iPhone.Build.0 = Release|iPhone
		{0C75A07B-C68F-49A8-A322-ABC456AA4C7E}.Release|iPhone.Deploy.0 = Release|iPhone
		{0C75A07B-C68F-49A8-A322-ABC456AA4C7E}.Release|iPhoneSimulator.ActiveCfg = Release|iPhoneSimulator
		{0C75A07B-C68F-49A8-A322-ABC456AA4C7E}.Release|iPhoneSimulator.Build.0 = Release|iPhoneSimulator
		{0C75A07B-C68F-49A8-A322-ABC456AA4C7E}.Release|iPhoneSimulator.Deploy.0 = Release|iPhoneSimulator
		{B5180727-BC9D-42C8-83DC-02A20384ED97}.Debug|Any CPU.ActiveCfg = Debug|Any CPU
		{B5180727-BC9D-42C8-83DC-02A20384ED97}.Debug|Any CPU.Build.0 = Debug|Any CPU
		{B5180727-BC9D-42C8-83DC-02A20384ED97}.Debug|Any CPU.Deploy.0 = Debug|Any CPU
		{B5180727-BC9D-42C8-83DC-02A20384ED97}.Debug|iPhone.ActiveCfg = Debug|Any CPU
		{B5180727-BC9D-42C8-83DC-02A20384ED97}.Debug|iPhone.Build.0 = Debug|Any CPU
		{B5180727-BC9D-42C8-83DC-02A20384ED97}.Debug|iPhone.Deploy.0 = Debug|Any CPU
		{B5180727-BC9D-42C8-83DC-02A20384ED97}.Debug|iPhoneSimulator.ActiveCfg = Debug|Any CPU
		{B5180727-BC9D-42C8-83DC-02A20384ED97}.Debug|iPhoneSimulator.Build.0 = Debug|Any CPU
		{B5180727-BC9D-42C8-83DC-02A20384ED97}.Debug|iPhoneSimulator.Deploy.0 = Debug|Any CPU
		{B5180727-BC9D-42C8-83DC-02A20384ED97}.Release|Any CPU.ActiveCfg = Release|Any CPU
		{B5180727-BC9D-42C8-83DC-02A20384ED97}.Release|Any CPU.Build.0 = Release|Any CPU
		{B5180727-BC9D-42C8-83DC-02A20384ED97}.Release|Any CPU.Deploy.0 = Release|Any CPU
		{B5180727-BC9D-42C8-83DC-02A20384ED97}.Release|iPhone.ActiveCfg = Release|Any CPU
		{B5180727-BC9D-42C8-83DC-02A20384ED97}.Release|iPhone.Build.0 = Release|Any CPU
		{B5180727-BC9D-42C8-83DC-02A20384ED97}.Release|iPhone.Deploy.0 = Release|Any CPU
		{B5180727-BC9D-42C8-83DC-02A20384ED97}.Release|iPhoneSimulator.ActiveCfg = Release|Any CPU
		{B5180727-BC9D-42C8-83DC-02A20384ED97}.Release|iPhoneSimulator.Build.0 = Release|Any CPU
		{B5180727-BC9D-42C8-83DC-02A20384ED97}.Release|iPhoneSimulator.Deploy.0 = Release|Any CPU
	EndGlobalSection
	GlobalSection(SolutionProperties) = preSolution
		HideSolutionNode = FALSE
	EndGlobalSection
	GlobalSection(ExtensibilityGlobals) = postSolution
		SolutionGuid = {F3C8E8A3-6B88-428A-A18A-F8FF7C765F87}
	EndGlobalSection
EndGlobal
